// !$*UTF8*$!
{
	archiveVersion = 1;
	classes = {
	};
	objectVersion = 56;
	objects = {

/* Begin PBXBuildFile section */
		9982E5552919CCA500AC1E7C /* AppDelegate.swift in Sources */ = {isa = PBXBuildFile; fileRef = 9982E5542919CCA500AC1E7C /* AppDelegate.swift */; };
		9982E5572919CCA500AC1E7C /* SceneDelegate.swift in Sources */ = {isa = PBXBuildFile; fileRef = 9982E5562919CCA500AC1E7C /* SceneDelegate.swift */; };
		9982E5592919CCA500AC1E7C /* ViewController.swift in Sources */ = {isa = PBXBuildFile; fileRef = 9982E5582919CCA500AC1E7C /* ViewController.swift */; };
		9982E55C2919CCA500AC1E7C /* Main.storyboard in Resources */ = {isa = PBXBuildFile; fileRef = 9982E55A2919CCA500AC1E7C /* Main.storyboard */; };
		9982E55E2919CCA600AC1E7C /* Assets.xcassets in Resources */ = {isa = PBXBuildFile; fileRef = 9982E55D2919CCA600AC1E7C /* Assets.xcassets */; };
		9982E5612919CCA600AC1E7C /* LaunchScreen.storyboard in Resources */ = {isa = PBXBuildFile; fileRef = 9982E55F2919CCA600AC1E7C /* LaunchScreen.storyboard */; };
		9982E5692919CF6900AC1E7C /* ShowProgressTVC.swift in Sources */ = {isa = PBXBuildFile; fileRef = 9982E5682919CF6900AC1E7C /* ShowProgressTVC.swift */; };
		9982E56B2919D76300AC1E7C /* ResultObj.swift in Sources */ = {isa = PBXBuildFile; fileRef = 9982E56A2919D76300AC1E7C /* ResultObj.swift */; };
		9982E56D2919DA5600AC1E7C /* ShowProgressViewCell.swift in Sources */ = {isa = PBXBuildFile; fileRef = 9982E56C2919DA5600AC1E7C /* ShowProgressViewCell.swift */; };
/* End PBXBuildFile section */

/* Begin PBXFileReference section */
		9982E5512919CCA500AC1E7C /* Pennapar_c0874203_FT.app */ = {isa = PBXFileReference; explicitFileType = wrapper.application; includeInIndex = 0; path = Pennapar_c0874203_FT.app; sourceTree = BUILT_PRODUCTS_DIR; };
		9982E5542919CCA500AC1E7C /* AppDelegate.swift */ = {isa = PBXFileReference; lastKnownFileType = sourcecode.swift; path = AppDelegate.swift; sourceTree = "<group>"; };
		9982E5562919CCA500AC1E7C /* SceneDelegate.swift */ = {isa = PBXFileReference; lastKnownFileType = sourcecode.swift; path = SceneDelegate.swift; sourceTree = "<group>"; };
		9982E5582919CCA500AC1E7C /* ViewController.swift */ = {isa = PBXFileReference; lastKnownFileType = sourcecode.swift; path = ViewController.swift; sourceTree = "<group>"; };
		9982E55B2919CCA500AC1E7C /* Base */ = {isa = PBXFileReference; lastKnownFileType = file.storyboard; name = Base; path = Base.lproj/Main.storyboard; sourceTree = "<group>"; };
		9982E55D2919CCA600AC1E7C /* Assets.xcassets */ = {isa = PBXFileReference; lastKnownFileType = folder.assetcatalog; path = Assets.xcassets; sourceTree = "<group>"; };
		9982E5602919CCA600AC1E7C /* Base */ = {isa = PBXFileReference; lastKnownFileType = file.storyboard; name = Base; path = Base.lproj/LaunchScreen.storyboard; sourceTree = "<group>"; };
		9982E5622919CCA600AC1E7C /* Info.plist */ = {isa = PBXFileReference; lastKnownFileType = text.plist.xml; path = Info.plist; sourceTree = "<group>"; };
		9982E5682919CF6900AC1E7C /* ShowProgressTVC.swift */ = {isa = PBXFileReference; lastKnownFileType = sourcecode.swift; path = ShowProgressTVC.swift; sourceTree = "<group>"; };
		9982E56A2919D76300AC1E7C /* ResultObj.swift */ = {isa = PBXFileReference; lastKnownFileType = sourcecode.swift; path = ResultObj.swift; sourceTree = "<group>"; };
		9982E56C2919DA5600AC1E7C /* ShowProgressViewCell.swift */ = {isa = PBXFileReference; lastKnownFileType = sourcecode.swift; path = ShowProgressViewCell.swift; sourceTree = "<group>"; };
/* End PBXFileReference section */

/* Begin PBXFrameworksBuildPhase section */
		9982E54E2919CCA500AC1E7C /* Frameworks */ = {
			isa = PBXFrameworksBuildPhase;
			buildActionMask = 2147483647;
			files = (
			);
			runOnlyForDeploymentPostprocessing = 0;
		};
/* End PBXFrameworksBuildPhase section */

/* Begin PBXGroup section */
		9982E5482919CCA500AC1E7C = {
			isa = PBXGroup;
			children = (
				9982E5532919CCA500AC1E7C /* Pennapar_c0874203_FT */,
				9982E5522919CCA500AC1E7C /* Products */,
			);
			sourceTree = "<group>";
		};
		9982E5522919CCA500AC1E7C /* Products */ = {
			isa = PBXGroup;
			children = (
				9982E5512919CCA500AC1E7C /* Pennapar_c0874203_FT.app */,
			);
			name = Products;
			sourceTree = "<group>";
		};
		9982E5532919CCA500AC1E7C /* Pennapar_c0874203_FT */ = {
			isa = PBXGroup;
			children = (
				9982E5542919CCA500AC1E7C /* AppDelegate.swift */,
				9982E5562919CCA500AC1E7C /* SceneDelegate.swift */,
				9982E5582919CCA500AC1E7C /* ViewController.swift */,
				9982E55A2919CCA500AC1E7C /* Main.storyboard */,
				9982E55D2919CCA600AC1E7C /* Assets.xcassets */,
				9982E55F2919CCA600AC1E7C /* LaunchScreen.storyboard */,
				9982E5622919CCA600AC1E7C /* Info.plist */,
				9982E5682919CF6900AC1E7C /* ShowProgressTVC.swift */,
				9982E56A2919D76300AC1E7C /* ResultObj.swift */,
				9982E56C2919DA5600AC1E7C /* ShowProgressViewCell.swift */,
			);
			path = Pennapar_c0874203_FT;
			sourceTree = "<group>";
		};
/* End PBXGroup section */

/* Begin PBXNativeTarget section */
		9982E5502919CCA500AC1E7C /* Pennapar_c0874203_FT */ = {
			isa = PBXNativeTarget;
			buildConfigurationList = 9982E5652919CCA600AC1E7C /* Build configuration list for PBXNativeTarget "Pennapar_c0874203_FT" */;
			buildPhases = (
				9982E54D2919CCA500AC1E7C /* Sources */,
				9982E54E2919CCA500AC1E7C /* Frameworks */,
				9982E54F2919CCA500AC1E7C /* Resources */,
			);
			buildRules = (
			);
			dependencies = (
			);
			name = Pennapar_c0874203_FT;
			productName = Pennapar_c0874203_FT;
			productReference = 9982E5512919CCA500AC1E7C /* Pennapar_c0874203_FT.app */;
			productType = "com.apple.product-type.application";
		};
/* End PBXNativeTarget section */

/* Begin PBXProject section */
		9982E5492919CCA500AC1E7C /* Project object */ = {
			isa = PBXProject;
			attributes = {
				BuildIndependentTargetsInParallel = 1;
				LastSwiftUpdateCheck = 1410;
				LastUpgradeCheck = 1410;
				TargetAttributes = {
					9982E5502919CCA500AC1E7C = {
						CreatedOnToolsVersion = 14.1;
					};
				};
			};
			buildConfigurationList = 9982E54C2919CCA500AC1E7C /* Build configuration list for PBXProject "Pennapar_c0874203_FT" */;
			compatibilityVersion = "Xcode 14.0";
			developmentRegion = en;
			hasScannedForEncodings = 0;
			knownRegions = (
				en,
				Base,
			);
			mainGroup = 9982E5482919CCA500AC1E7C;
			productRefGroup = 9982E5522919CCA500AC1E7C /* Products */;
			projectDirPath = "";
			projectRoot = "";
			targets = (
				9982E5502919CCA500AC1E7C /* Pennapar_c0874203_FT */,
			);
		};
/* End PBXProject section */

/* Begin PBXResourcesBuildPhase section */
		9982E54F2919CCA500AC1E7C /* Resources */ = {
			isa = PBXResourcesBuildPhase;
			buildActionMask = 2147483647;
			files = (
				9982E5612919CCA600AC1E7C /* LaunchScreen.storyboard in Resources */,
				9982E55E2919CCA600AC1E7C /* Assets.xcassets in Resources */,
				9982E55C2919CCA500AC1E7C /* Main.storyboard in Resources */,
			);
			runOnlyForDeploymentPostprocessing = 0;
		};
/* End PBXResourcesBuildPhase section */

/* Begin PBXSourcesBuildPhase section */
		9982E54D2919CCA500AC1E7C /* Sources */ = {
			isa = PBXSourcesBuildPhase;
			buildActionMask = 2147483647;
			files = (
				9982E56B2919D76300AC1E7C /* ResultObj.swift in Sources */,
				9982E5592919CCA500AC1E7C /* ViewController.swift in Sources */,
				9982E56D2919DA5600AC1E7C /* ShowProgressViewCell.swift in Sources */,
				9982E5552919CCA500AC1E7C /* AppDelegate.swift in Sources */,
				9982E5572919CCA500AC1E7C /* SceneDelegate.swift in Sources */,
				9982E5692919CF6900AC1E7C /* ShowProgressTVC.swift in Sources */,
			);
			runOnlyForDeploymentPostprocessing = 0;
		};
/* End PBXSourcesBuildPhase section */

/* Begin PBXVariantGroup section */
		9982E55A2919CCA500AC1E7C /* Main.storyboard */ = {
			isa = PBXVariantGroup;
			children = (
				9982E55B2919CCA500AC1E7C /* Base */,
			);
			name = Main.storyboard;
			sourceTree = "<group>";
		};
		9982E55F2919CCA600AC1E7C /* LaunchScreen.storyboard */ = {
			isa = PBXVariantGroup;
			children = (
				9982E5602919CCA600AC1E7C /* Base */,
			);
			name = LaunchScreen.storyboard;
			sourceTree = "<group>";
		};
/* End PBXVariantGroup section */

/* Begin XCBuildConfiguration section */
		9982E5632919CCA600AC1E7C /* Debug */ = {
			isa = XCBuildConfiguration;
			buildSettings = {
				ALWAYS_SEARCH_USER_PATHS = NO;
				CLANG_ANALYZER_NONNULL = YES;
				CLANG_ANALYZER_NUMBER_OBJECT_CONVERSION = YES_AGGRESSIVE;
				CLANG_CXX_LANGUAGE_STANDARD = "gnu++20";
				CLANG_ENABLE_MODULES = YES;
				CLANG_ENABLE_OBJC_ARC = YES;
				CLANG_ENABLE_OBJC_WEAK = YES;
				CLANG_WARN_BLOCK_CAPTURE_AUTORELEASING = YES;
				CLANG_WARN_BOOL_CONVERSION = YES;
				CLANG_WARN_COMMA = YES;
				CLANG_WARN_CONSTANT_CONVERSION = YES;
				CLANG_WARN_DEPRECATED_OBJC_IMPLEMENTATIONS = YES;
				CLANG_WARN_DIRECT_OBJC_ISA_USAGE = YES_ERROR;
				CLANG_WARN_DOCUMENTATION_COMMENTS = YES;
				CLANG_WARN_EMPTY_BODY = YES;
				CLANG_WARN_ENUM_CONVERSION = YES;
				CLANG_WARN_INFINITE_RECURSION = YES;
				CLANG_WARN_INT_CONVERSION = YES;
				CLANG_WARN_NON_LITERAL_NULL_CONVERSION = YES;
				CLANG_WARN_OBJC_IMPLICIT_RETAIN_SELF = YES;
				CLANG_WARN_OBJC_LITERAL_CONVERSION = YES;
				CLANG_WARN_OBJC_ROOT_CLASS = YES_ERROR;
				CLANG_WARN_QUOTED_INCLUDE_IN_FRAMEWORK_HEADER = YES;
				CLANG_WARN_RANGE_LOOP_ANALYSIS = YES;
				CLANG_WARN_STRICT_PROTOTYPES = YES;
				CLANG_WARN_SUSPICIOUS_MOVE = YES;
				CLANG_WARN_UNGUARDED_AVAILABILITY = YES_AGGRESSIVE;
				CLANG_WARN_UNREACHABLE_CODE = YES;
				CLANG_WARN__DUPLICATE_METHOD_MATCH = YES;
				COPY_PHASE_STRIP = NO;
				DEBUG_INFORMATION_FORMAT = dwarf;
				ENABLE_STRICT_OBJC_MSGSEND = YES;
				ENABLE_TESTABILITY = YES;
				GCC_C_LANGUAGE_STANDARD = gnu11;
				GCC_DYNAMIC_NO_PIC = NO;
				GCC_NO_COMMON_BLOCKS = YES;
				GCC_OPTIMIZATION_LEVEL = 0;
				GCC_PREPROCESSOR_DEFINITIONS = (
					"DEBUG=1",
					"$(inherited)",
				);
				GCC_WARN_64_TO_32_BIT_CONVERSION = YES;
				GCC_WARN_ABOUT_RETURN_TYPE = YES_ERROR;
				GCC_WARN_UNDECLARED_SELECTOR = YES;
				GCC_WARN_UNINITIALIZED_AUTOS = YES_AGGRESSIVE;
				GCC_WARN_UNUSED_FUNCTION = YES;
				GCC_WARN_UNUSED_VARIABLE = YES;
				IPHONEOS_DEPLOYMENT_TARGET = 16.1;
				MTL_ENABLE_DEBUG_INFO = INCLUDE_SOURCE;
				MTL_FAST_MATH = YES;
				ONLY_ACTIVE_ARCH = YES;
				SDKROOT = iphoneos;
				SWIFT_ACTIVE_COMPILATION_CONDITIONS = DEBUG;
				SWIFT_OPTIMIZATION_LEVEL = "-Onone";
			};
			name = Debug;
		};
		9982E5642919CCA600AC1E7C /* Release */ = {
			isa = XCBuildConfiguration;
			buildSettings = {
				ALWAYS_SEARCH_USER_PATHS = NO;
				CLANG_ANALYZER_NONNULL = YES;
				CLANG_ANALYZER_NUMBER_OBJECT_CONVERSION = YES_AGGRESSIVE;
				CLANG_CXX_LANGUAGE_STANDARD = "gnu++20";
				CLANG_ENABLE_MODULES = YES;
				CLANG_ENABLE_OBJC_ARC = YES;
				CLANG_ENABLE_OBJC_WEAK = YES;
				CLANG_WARN_BLOCK_CAPTURE_AUTORELEASING = YES;
				CLANG_WARN_BOOL_CONVERSION = YES;
				CLANG_WARN_COMMA = YES;
				CLANG_WARN_CONSTANT_CONVERSION = YES;
				CLANG_WARN_DEPRECATED_OBJC_IMPLEMENTATIONS = YES;
				CLANG_WARN_DIRECT_OBJC_ISA_USAGE = YES_ERROR;
				CLANG_WARN_DOCUMENTATION_COMMENTS = YES;
				CLANG_WARN_EMPTY_BODY = YES;
				CLANG_WARN_ENUM_CONVERSION = YES;
				CLANG_WARN_INFINITE_RECURSION = YES;
				CLANG_WARN_INT_CONVERSION = YES;
				CLANG_WARN_NON_LITERAL_NULL_CONVERSION = YES;
				CLANG_WARN_OBJC_IMPLICIT_RETAIN_SELF = YES;
				CLANG_WARN_OBJC_LITERAL_CONVERSION = YES;
				CLANG_WARN_OBJC_ROOT_CLASS = YES_ERROR;
				CLANG_WARN_QUOTED_INCLUDE_IN_FRAMEWORK_HEADER = YES;
				CLANG_WARN_RANGE_LOOP_ANALYSIS = YES;
				CLANG_WARN_STRICT_PROTOTYPES = YES;
				CLANG_WARN_SUSPICIOUS_MOVE = YES;
				CLANG_WARN_UNGUARDED_AVAILABILITY = YES_AGGRESSIVE;
				CLANG_WARN_UNREACHABLE_CODE = YES;
				CLANG_WARN__DUPLICATE_METHOD_MATCH = YES;
				COPY_PHASE_STRIP = NO;
				DEBUG_INFORMATION_FORMAT = "dwarf-with-dsym";
				ENABLE_NS_ASSERTIONS = NO;
				ENABLE_STRICT_OBJC_MSGSEND = YES;
				GCC_C_LANGUAGE_STANDARD = gnu11;
				GCC_NO_COMMON_BLOCKS = YES;
				GCC_WARN_64_TO_32_BIT_CONVERSION = YES;
				GCC_WARN_ABOUT_RETURN_TYPE = YES_ERROR;
				GCC_WARN_UNDECLARED_SELECTOR = YES;
				GCC_WARN_UNINITIALIZED_AUTOS = YES_AGGRESSIVE;
				GCC_WARN_UNUSED_FUNCTION = YES;
				GCC_WARN_UNUSED_VARIABLE = YES;
				IPHONEOS_DEPLOYMENT_TARGET = 16.1;
				MTL_ENABLE_DEBUG_INFO = NO;
				MTL_FAST_MATH = YES;
				SDKROOT = iphoneos;
				SWIFT_COMPILATION_MODE = wholemodule;
				SWIFT_OPTIMIZATION_LEVEL = "-O";
				VALIDATE_PRODUCT = YES;
			};
			name = Release;
		};
		9982E5662919CCA600AC1E7C /* Debug */ = {
			isa = XCBuildConfiguration;
			buildSettings = {
				ASSETCATALOG_COMPILER_APPICON_NAME = AppIcon;
				ASSETCATALOG_COMPILER_GLOBAL_ACCENT_COLOR_NAME = AccentColor;
				CODE_SIGN_STYLE = Automatic;
				CURRENT_PROJECT_VERSION = 1;
				GENERATE_INFOPLIST_FILE = YES;
				INFOPLIST_FILE = Pennapar_c0874203_FT/Info.plist;
				INFOPLIST_KEY_UIApplicationSupportsIndirectInputEvents = YES;
				INFOPLIST_KEY_UILaunchStoryboardName = LaunchScreen;
				INFOPLIST_KEY_UIMainStoryboardFile = Main;
				INFOPLIST_KEY_UISupportedInterfaceOrientations_iPad = "UIInterfaceOrientationPortrait UIInterfaceOrientationPortraitUpsideDown UIInterfaceOrientationLandscapeLeft UIInterfaceOrientationLandscapeRight";
				INFOPLIST_KEY_UISupportedInterfaceOrientations_iPhone = "UIInterfaceOrientationPortrait UIInterfaceOrientationLandscapeLeft UIInterfaceOrientationLandscapeRight";
				LD_RUNPATH_SEARCH_PATHS = (
					"$(inherited)",
					"@executable_path/Frameworks",
				);
				MARKETING_VERSION = 1.0;
				PRODUCT_BUNDLE_IDENTIFIER = "Alice.Pennapar-c0874203-FT";
				PRODUCT_NAME = "$(TARGET_NAME)";
				SWIFT_EMIT_LOC_STRINGS = YES;
				SWIFT_VERSION = 5.0;
				TARGETED_DEVICE_FAMILY = "1,2";
			};
			name = Debug;
		};
		9982E5672919CCA600AC1E7C /* Release */ = {
			isa = XCBuildConfiguration;
			buildSettings = {
				ASSETCATALOG_COMPILER_APPICON_NAME = AppIcon;
				ASSETCATALOG_COMPILER_GLOBAL_ACCENT_COLOR_NAME = AccentColor;
				CODE_SIGN_STYLE = Automatic;
				CURRENT_PROJECT_VERSION = 1;
				GENERATE_INFOPLIST_FILE = YES;
				INFOPLIST_FILE = Pennapar_c0874203_FT/Info.plist;
				INFOPLIST_KEY_UIApplicationSupportsIndirectInputEvents = YES;
				INFOPLIST_KEY_UILaunchStoryboardName = LaunchScreen;
				INFOPLIST_KEY_UIMainStoryboardFile = Main;
				INFOPLIST_KEY_UISupportedInterfaceOrientations_iPad = "UIInterfaceOrientationPortrait UIInterfaceOrientationPortraitUpsideDown UIInterfaceOrientationLandscapeLeft UIInterfaceOrientationLandscapeRight";
				INFOPLIST_KEY_UISupportedInterfaceOrientations_iPhone = "UIInterfaceOrientationPortrait UIInterfaceOrientationLandscapeLeft UIInterfaceOrientationLandscapeRight";
				LD_RUNPATH_SEARCH_PATHS = (
					"$(inherited)",
					"@executable_path/Frameworks",
				);
				MARKETING_VERSION = 1.0;
				PRODUCT_BUNDLE_IDENTIFIER = "Alice.Pennapar-c0874203-FT";
				PRODUCT_NAME = "$(TARGET_NAME)";
				SWIFT_EMIT_LOC_STRINGS = YES;
				SWIFT_VERSION = 5.0;
				TARGETED_DEVICE_FAMILY = "1,2";
			};
			name = Release;
		};
/* End XCBuildConfiguration section */

/* Begin XCConfigurationList section */
		9982E54C2919CCA500AC1E7C /* Build configuration list for PBXProject "Pennapar_c0874203_FT" */ = {
			isa = XCConfigurationList;
			buildConfigurations = (
				9982E5632919CCA600AC1E7C /* Debug */,
				9982E5642919CCA600AC1E7C /* Release */,
			);
			defaultConfigurationIsVisible = 0;
			defaultConfigurationName = Release;
		};
		9982E5652919CCA600AC1E7C /* Build configuration list for PBXNativeTarget "Pennapar_c0874203_FT" */ = {
			isa = XCConfigurationList;
			buildConfigurations = (
				9982E5662919CCA600AC1E7C /* Debug */,
				9982E5672919CCA600AC1E7C /* Release */,
			);
			defaultConfigurationIsVisible = 0;
			defaultConfigurationName = Release;
		};
/* End XCConfigurationList section */
	};
	rootObject = 9982E5492919CCA500AC1E7C /* Project object */;
}
